{
  "version": 4,
  "terraform_version": "0.14.8",
  "serial": 34,
  "lineage": "19ee6615-1dec-0c76-ec2d-32aee43e4e81",
  "outputs": {},
  "resources": [
    {
      "mode": "managed",
      "type": "aws_s3_bucket",
      "name": "data_platform_raw",
      "provider": "provider[\"registry.terraform.io/hashicorp/aws\"].core",
      "instances": [
        {
          "schema_version": 0,
          "attributes": {
            "acceleration_status": "",
            "acl": "private",
            "arn": "arn:aws:s3:::hackney-data-platform-raw-staging-mtsandbox",
            "bucket": "hackney-data-platform-raw-staging-mtsandbox",
            "bucket_domain_name": "hackney-data-platform-raw-staging-mtsandbox.s3.amazonaws.com",
            "bucket_prefix": null,
            "bucket_regional_domain_name": "hackney-data-platform-raw-staging-mtsandbox.s3.eu-west-2.amazonaws.com",
            "cors_rule": [],
            "force_destroy": false,
            "grant": [],
            "hosted_zone_id": "Z3GKZC51ZF0DB4",
            "id": "hackney-data-platform-raw-staging-mtsandbox",
            "lifecycle_rule": [],
            "logging": [],
            "object_lock_configuration": [],
            "policy": null,
            "region": "eu-west-2",
            "replication_configuration": [],
            "request_payer": "BucketOwner",
            "server_side_encryption_configuration": [],
            "tags": {},
            "versioning": [
              {
                "enabled": false,
                "mfa_delete": false
              }
            ],
            "website": [],
            "website_domain": null,
            "website_endpoint": null
          },
          "sensitive_attributes": []
        }
      ]
    }
  ]
}
