{
    "_meta": {
        "hash": {
            "sha256": "4ae5990cb0eeedc517d08c361abb78c44337a7a60ae7d3bc23672d0352429085"
        },
        "pipfile-spec": 6,
        "requires": {
            "python_version": "3"
        },
        "sources": [
            {
                "name": "pypi",
                "url": "https://pypi.org/simple",
                "verify_ssl": true
            }
        ]
    },
    "default": {
        "python-dotenv": {
            "hashes": [
                "sha256:aae25dc1ebe97c420f50b81fb0e5c949659af713f31fdb63c749ca68748f34b1",
                "sha256:f521bc2ac9a8e03c736f62911605c5d83970021e3fa95b37d769e2bbbe9b6172"
            ],
            "index": "pypi",
            "version": "==0.19.0"
        }
    },
    "develop": {}
}
