{
  "version": 4,
  "terraform_version": "0.14.8",
  "serial": 4,
  "lineage": "55b132a0-a785-d3d2-ae8b-5c046d823561",
  "outputs": {
    "terraform_state_bucket_arn": {
      "value": "arn:aws:s3:::dataplatform-internal-stg-tfstate",
      "type": "string"
    }
  },
  "resources": [
    {
      "mode": "managed",
      "type": "aws_kms_key",
      "name": "tfbackend",
      "provider": "provider[\"registry.terraform.io/hashicorp/aws\"].core",
      "instances": [
        {
          "schema_version": 0,
          "attributes": {
            "arn": "arn:aws:kms:eu-west-2:120038763019:key/94df2af2-53ea-48c3-a145-74e04e523472",
            "customer_master_key_spec": "SYMMETRIC_DEFAULT",
            "deletion_window_in_days": 10,
            "description": "Internal - Stg KMS Key",
            "enable_key_rotation": true,
            "id": "94df2af2-53ea-48c3-a145-74e04e523472",
            "is_enabled": true,
            "key_id": "94df2af2-53ea-48c3-a145-74e04e523472",
            "key_usage": "ENCRYPT_DECRYPT",
            "policy": "{\"Id\":\"key-default-1\",\"Statement\":[{\"Action\":\"kms:*\",\"Effect\":\"Allow\",\"Principal\":{\"AWS\":\"arn:aws:iam::120038763019:root\"},\"Resource\":\"*\",\"Sid\":\"Enable IAM User Permissions\"}],\"Version\":\"2012-10-17\"}",
            "tags": {}
          },
          "sensitive_attributes": [],
          "private": "bnVsbA=="
        }
      ]
    },
    {
      "mode": "managed",
      "type": "aws_s3_bucket",
      "name": "data_platform_terraform_backend",
      "provider": "provider[\"registry.terraform.io/hashicorp/aws\"].core",
      "instances": [
        {
          "schema_version": 0,
          "attributes": {
            "acceleration_status": "",
            "acl": "private",
            "arn": "arn:aws:s3:::dataplatform-internal-stg-tfstate",
            "bucket": "dataplatform-internal-stg-tfstate",
            "bucket_domain_name": "dataplatform-internal-stg-tfstate.s3.amazonaws.com",
            "bucket_prefix": null,
            "bucket_regional_domain_name": "dataplatform-internal-stg-tfstate.s3.eu-west-2.amazonaws.com",
            "cors_rule": [],
            "force_destroy": false,
            "grant": [],
            "hosted_zone_id": "Z3GKZC51ZF0DB4",
            "id": "dataplatform-internal-stg-tfstate",
            "lifecycle_rule": [],
            "logging": [],
            "object_lock_configuration": [],
            "policy": null,
            "region": "eu-west-2",
            "replication_configuration": [],
            "request_payer": "BucketOwner",
            "server_side_encryption_configuration": [
              {
                "rule": [
                  {
                    "apply_server_side_encryption_by_default": [
                      {
                        "kms_master_key_id": "arn:aws:kms:eu-west-2:120038763019:key/94df2af2-53ea-48c3-a145-74e04e523472",
                        "sse_algorithm": "aws:kms"
                      }
                    ]
                  }
                ]
              }
            ],
            "tags": {},
            "versioning": [
              {
                "enabled": false,
                "mfa_delete": false
              }
            ],
            "website": [],
            "website_domain": null,
            "website_endpoint": null
          },
          "sensitive_attributes": [],
          "private": "bnVsbA==",
          "dependencies": [
            "aws_kms_key.tfbackend"
          ]
        }
      ]
    }
  ]
}
