name: Terraform Core State Unlock
concurrency: terraform-state-unlock

on:
  workflow_dispatch:
    inputs:
      environment:
        description: "Environment you wish to unlock the state file for"
        options:
          - stg
          - prod
        required: true
      lock_id:
        description: "The lock id of the state file"
        required: true
      terraform_directory:
        description: "Which area of terraform do you need to unlock the state for"
        options:
          - core
          - etl
        required: true

jobs:
  unlock:
    uses: ./.github/workflows/unlock_terraform_state.yml
    with:
      environment: ${{ github.event.inputs.environment }}
      automation_build_url: "https://github.com/LBHackney-IT/data-platform/actions/workflows/data_platform_${{ github.event.inputs.environment }}.yml"
      build_path: "./terraform/${{ github.event.inputs.terraform_directory }}"
      terraform_state_s3_key_prefix: "data-platform"
      terraform_state_file_name: "${{ github.event.inputs.environment }}-terraform.tfstate"
      terraform_state_lock_id: ${{ github.event.inputs.lock_id }}
    secrets:
      GOOGLE_PROJECT_ID: ${{ secrets.GOOGLE_PROJECT_ID_STG }}
      AWS_DEPLOY_ACCOUNT_ID: ${{ secrets.AWS_ACCOUNT_DATA_PLATFORM_STG }}
      INFRASTRUCTURE_PRIVATE_KEY: ${{ secrets.INFRASTRUCTURE_PRIVATE_KEY }}
      AWS_ACCESS_KEY_ID: ${{ secrets.AWS_ACCESS_KEY_ID }}
      AWS_SECRET_ACCESS_KEY: ${{ secrets.AWS_SECRET_ACCESS_KEY }}
      AWS_API_ACCOUNT_PROD: ${{ secrets.AWS_API_ACCOUNT_PROD }}
      AWS_MOSAIC_PROD_ACCOUNT_ID: ${{ secrets.AWS_MOSAIC_PROD_ACCOUNT_ID }}
      AWS_HACKIT_ACCOUNT_ID: ${{ secrets.AWS_HACKIT_ACCOUNT_ID }}
      AWS_DATA_PLATFORM_ACCOUNT_ID: ${{ secrets.AWS_ACCOUNT_DATA_PLATFORM_DEV }}
      AWS_ROLE_TO_ASSUME: ${{ secrets.AWS_ROLE_TO_ASSUME }}
      AWS_API_VPC_ID: ${{ secrets.AWS_API_VPC_ID }}
      AWS_HOUSING_VPC_ID: ${{ secrets.AWS_HOUSING_VPC_ID }}
      AWS_MOSAIC_VPC_ID: ${{ secrets.AWS_MOSAIC_VPC_ID }}
      AWS_DP_VPC_ID: ${{ secrets.AWS_DP_DEV_VPC_ID }}
      GOOGLE_CREDENTIALS: ${{ secrets.GOOGLE_CREDENTIALS_STG }}
      COPY_LIBERATOR_TO_PRE_PROD_LAMBDA_EXECUTION_ROLE: ${{ secrets.COPY_LIBERATOR_TO_PRE_PROD_LAMBDA_EXECUTION_ROLE }}
      SYNC_PRODUCTION_TO_PRE_PRODUCTION_TASK_ROLE: ${{ secrets.SYNC_PRODUCTION_TO_PRE_PRODUCTION_TASK_ROLE }}
      PRE_PRODUCTION_LIBERATOR_DATA_STORAGE_KMS_KEY_ARN: ${{ secrets.PRE_PRODUCTION_LIBERATOR_DATA_STORAGE_KMS_KEY_ARN }}
